
Microsoft Visual Studio Solution File, Format Version 12.00
# Visual Studio Version 17
VisualStudioVersion = 17.2.32516.85
MinimumVisualStudioVersion = 10.0.40219.1
Project("{FAE04EC0-301F-11D3-BF4B-00C04F79EFBC}") = "Constantes", "Constantes\Constantes.csproj", "{35CDF3A1-2F75-4AE6-AFE7-D1C01FA6F54C}"
EndProject
Global
	GlobalSection(SolutionConfigurationPlatforms) = preSolution
		Debug|Any CPU = Debug|Any CPU
		Release|Any CPU = Release|Any CPU
	EndGlobalSection
	GlobalSection(ProjectConfigurationPlatforms) = postSolution
		{35CDF3A1-2F75-4AE6-AFE7-D1C01FA6F54C}.Debug|Any CPU.ActiveCfg = Debug|Any CPU
		{35CDF3A1-2F75-4AE6-AFE7-D1C01FA6F54C}.Debug|Any CPU.Build.0 = Debug|Any CPU
		{35CDF3A1-2F75-4AE6-AFE7-D1C01FA6F54C}.Release|Any CPU.ActiveCfg = Release|Any CPU
		{35CDF3A1-2F75-4AE6-AFE7-D1C01FA6F54C}.Release|Any CPU.Build.0 = Release|Any CPU
	EndGlobalSection
	GlobalSection(SolutionProperties) = preSolution
		HideSolutionNode = FALSE
	EndGlobalSection
	GlobalSection(ExtensibilityGlobals) = postSolution
		SolutionGuid = {1D366459-AB02-4820-B558-DCBD3D9C3872}
	EndGlobalSection
EndGlobal
