
Microsoft Visual Studio Solution File, Format Version 12.00
# Visual Studio Version 17
VisualStudioVersion = 17.2.32516.85
MinimumVisualStudioVersion = 10.0.40219.1
Project("{FAE04EC0-301F-11D3-BF4B-00C04F79EFBC}") = "Listas", "Listas\Listas.csproj", "{1BAFAAB7-AA0B-46C1-B6D4-4EC2C02B874C}"
EndProject
Global
	GlobalSection(SolutionConfigurationPlatforms) = preSolution
		Debug|Any CPU = Debug|Any CPU
		Release|Any CPU = Release|Any CPU
	EndGlobalSection
	GlobalSection(ProjectConfigurationPlatforms) = postSolution
		{1BAFAAB7-AA0B-46C1-B6D4-4EC2C02B874C}.Debug|Any CPU.ActiveCfg = Debug|Any CPU
		{1BAFAAB7-AA0B-46C1-B6D4-4EC2C02B874C}.Debug|Any CPU.Build.0 = Debug|Any CPU
		{1BAFAAB7-AA0B-46C1-B6D4-4EC2C02B874C}.Release|Any CPU.ActiveCfg = Release|Any CPU
		{1BAFAAB7-AA0B-46C1-B6D4-4EC2C02B874C}.Release|Any CPU.Build.0 = Release|Any CPU
	EndGlobalSection
	GlobalSection(SolutionProperties) = preSolution
		HideSolutionNode = FALSE
	EndGlobalSection
	GlobalSection(ExtensibilityGlobals) = postSolution
		SolutionGuid = {05AEB1A7-49CF-4A4F-9468-DDD83DAB03E9}
	EndGlobalSection
EndGlobal
